PODS:
  - Flutter (1.0.0)
  - flutter_zendes_plugin (0.0.3):
    - Flutter
    - ZendeskSDKMessaging
  - package_info (0.0.1):
    - Flutter
  - ZendeskSDKConversationKit (0.6.1):
    - ZendeskSDKFayeClient (~> 0.4.2)
    - ZendeskSDKHTTPClient (~> 0.5.1)
    - ZendeskSDKStorage (~> 0.4.2)
  - ZendeskSDKFayeClient (0.4.2):
    - ZendeskSDKLogger (~> 0.4.2)
    - ZendeskSDKSocketClient (~> 0.4.2)
  - ZendeskSDKHTTPClient (0.5.1):
    - ZendeskSDKLogger (~> 0.4.2)
  - ZendeskSDKLogger (0.4.2)
  - ZendeskSDKMessaging (1.2.1):
    - ZendeskSDKConversationKit (~> 0.6.1)
    - ZendeskSDKUIComponents (~> 0.6.1)
  - ZendeskSDKSocketClient (0.4.2)
  - ZendeskSDKStorage (0.4.2):
    - ZendeskSDKLogger (~> 0.4.2)
  - ZendeskSDKUIComponents (0.6.1)

DEPENDENCIES:
  - Flutter (from `Flutter`)
  - flutter_zendes_plugin (from `.symlinks/plugins/flutter_zendes_plugin/ios`)
  - package_info (from `.symlinks/plugins/package_info/ios`)

SPEC REPOS:
  trunk:
    - ZendeskSDKConversationKit
    - ZendeskSDKFayeClient
    - ZendeskSDKHTTPClient
    - ZendeskSDKLogger
    - ZendeskSDKMessaging
    - ZendeskSDKSocketClient
    - ZendeskSDKStorage
    - ZendeskSDKUIComponents

EXTERNAL SOURCES:
  Flutter:
    :path: Flutter
  flutter_zendes_plugin:
    :path: ".symlinks/plugins/flutter_zendes_plugin/ios"
  package_info:
    :path: ".symlinks/plugins/package_info/ios"

SPEC CHECKSUMS:
  Flutter: 50d75fe2f02b26cc09d224853bb45737f8b3214a
  flutter_zendes_plugin: 47e07f32efc28e3dfcac7803e31763f82049ddb1
  package_info: 873975fc26034f0b863a300ad47e7f1ac6c7ec62
  ZendeskSDKConversationKit: d1f1eb90c89bef2044b0033eb8125563dd4c00d7
  ZendeskSDKFayeClient: ef5e0e34c9f1ea259d09b93cfd340d1b705eb2ee
  ZendeskSDKHTTPClient: 878cdd5bc2411f479388c3d0e2eb8b1d64d95b07
  ZendeskSDKLogger: 5df5c8fcf0121309cf99c2473b906b6b45681cb3
  ZendeskSDKMessaging: b4a82aeaf77b8b0dce2d89ce9f6597b71545fc88
  ZendeskSDKSocketClient: f5548ce8e7e602ff6f0375bfd0998f734a3df8dd
  ZendeskSDKStorage: 5111d319d5197bf9e57753109415a3eacddbd0db
  ZendeskSDKUIComponents: 34f41ecfd0169b8ab0145c34efd87e88a8f3e5de

PODFILE CHECKSUM: 51cf704c0cb7f9518b29c0ce1649512025d7689a

COCOAPODS: 1.11.2
