PODS:
  - Flutter (1.0.0)
  - flutter_zendes_plugin (0.0.3):
    - Flutter
    - ZendeskAnswerBotSDK
    - ZendeskChatSDK
    - ZendeskSupportProvidersSDK
    - ZendeskSupportSDK
  - package_info (0.0.1):
    - Flutter
  - ZendeskAnswerBotProvidersSDK (2.1.3):
    - ZendeskSupportProvidersSDK (~> 5.3.0)
  - ZendeskAnswerBotSDK (2.1.3):
    - ZendeskAnswerBotProvidersSDK (~> 2.1.3)
    - ZendeskMessagingSDK (~> 3.8.2)
  - ZendeskChatProvidersSDK (2.11.2)
  - ZendeskChatSDK (2.11.2):
    - ZendeskChatProvidersSDK (= 2.11.2)
    - ZendeskMessagingSDK (= 3.8.3)
  - ZendeskCommonUISDK (6.1.2)
  - ZendeskCoreSDK (2.5.1)
  - ZendeskMessagingAPISDK (3.8.3):
    - ZendeskSDKConfigurationsSDK (= 1.1.9)
  - ZendeskMessagingSDK (3.8.3):
    - ZendeskCommonUISDK (= 6.1.2)
    - ZendeskMessagingAPISDK (= 3.8.3)
  - ZendeskSDKConfigurationsSDK (1.1.9)
  - ZendeskSupportProvidersSDK (5.3.0):
    - ZendeskCoreSDK (~> 2.5.1)
  - ZendeskSupportSDK (5.3.0):
    - ZendeskMessagingSDK (~> 3.8.2)
    - ZendeskSupportProvidersSDK (~> 5.3.0)

DEPENDENCIES:
  - Flutter (from `Flutter`)
  - flutter_zendes_plugin (from `.symlinks/plugins/flutter_zendes_plugin/ios`)
  - package_info (from `.symlinks/plugins/package_info/ios`)
  - ZendeskChatProvidersSDK (from `https://github.com/zendesk/chat_providers_sdk_ios.git`)
  - ZendeskChatSDK (from `https://github.com/zendesk/chat_sdk_ios.git`)
  - ZendeskCommonUISDK (from `https://github.com/zendesk/commonui_sdk_ios.git`)
  - ZendeskMessagingAPISDK (from `https://github.com/zendesk/messagingapi_sdk_ios.git`)
  - ZendeskMessagingSDK (from `https://github.com/zendesk/messaging_sdk_ios.git`)
  - ZendeskSDKConfigurationsSDK (from `https://github.com/zendesk/sdkconfigurations_sdk_ios.git`)

SPEC REPOS:
  trunk:
    - ZendeskAnswerBotProvidersSDK
    - ZendeskAnswerBotSDK
    - ZendeskCoreSDK
    - ZendeskSupportProvidersSDK
    - ZendeskSupportSDK

EXTERNAL SOURCES:
  Flutter:
    :path: Flutter
  flutter_zendes_plugin:
    :path: ".symlinks/plugins/flutter_zendes_plugin/ios"
  package_info:
    :path: ".symlinks/plugins/package_info/ios"
  ZendeskChatProvidersSDK:
    :git: https://github.com/zendesk/chat_providers_sdk_ios.git
  ZendeskChatSDK:
    :git: https://github.com/zendesk/chat_sdk_ios.git
  ZendeskCommonUISDK:
    :git: https://github.com/zendesk/commonui_sdk_ios.git
  ZendeskMessagingAPISDK:
    :git: https://github.com/zendesk/messagingapi_sdk_ios.git
  ZendeskMessagingSDK:
    :git: https://github.com/zendesk/messaging_sdk_ios.git
  ZendeskSDKConfigurationsSDK:
    :git: https://github.com/zendesk/sdkconfigurations_sdk_ios.git

CHECKOUT OPTIONS:
  ZendeskChatProvidersSDK:
    :commit: 4774294aa2ade1eb74a8d081514d8f6f209232f3
    :git: https://github.com/zendesk/chat_providers_sdk_ios.git
  ZendeskChatSDK:
    :commit: d3a51e4172a2c2f6ed76f5641e12fb74f4aa47aa
    :git: https://github.com/zendesk/chat_sdk_ios.git
  ZendeskCommonUISDK:
    :commit: 45ef3ab2bbf2efbe73735f67723643495c424ffb
    :git: https://github.com/zendesk/commonui_sdk_ios.git
  ZendeskMessagingAPISDK:
    :commit: 75a4bb9d81bf15de1d4f98f52a4523ce2aacdceb
    :git: https://github.com/zendesk/messagingapi_sdk_ios.git
  ZendeskMessagingSDK:
    :commit: 11121b6dc3e9b3065faa1b6ab2d775b3e3a4ea1e
    :git: https://github.com/zendesk/messaging_sdk_ios.git
  ZendeskSDKConfigurationsSDK:
    :commit: dd8365d28c4885cd916c772db05222acc12c7edf
    :git: https://github.com/zendesk/sdkconfigurations_sdk_ios.git

SPEC CHECKSUMS:
  Flutter: 50d75fe2f02b26cc09d224853bb45737f8b3214a
  flutter_zendes_plugin: dfe42abd345a4663cbb1655c972a44c3580e1945
  package_info: 873975fc26034f0b863a300ad47e7f1ac6c7ec62
  ZendeskAnswerBotProvidersSDK: 8ef75d4484f09c324cd93ce2725364d73dbabcf5
  ZendeskAnswerBotSDK: 5427374afc76811d17ef47db8c20967cee84ee2b
  ZendeskChatProvidersSDK: 450e0a6f56b8c5c82b21106914818a5a3c094cc5
  ZendeskChatSDK: db9c0c420542c38d03c4345061d8a0b5ae9cf937
  ZendeskCommonUISDK: 5f0a83f412e07ae23701f18c412fe783b3249ef5
  ZendeskCoreSDK: 19a18e5ef2edcb18f4dbc0ea0d12bd31f515712a
  ZendeskMessagingAPISDK: db91be0c5cb88229d22f0e560ed99ba6e1dce02e
  ZendeskMessagingSDK: ce2750c0a3dbd40918ea2e2d44dd0dbe34d21bc8
  ZendeskSDKConfigurationsSDK: f91f54f3b41aa36ffbc43a37af9956752a062055
  ZendeskSupportProvidersSDK: 2bdf8544f7cd0fd4c002546f5704b813845beb2a
  ZendeskSupportSDK: 3a8e508ab1d9dd22dc038df6c694466414e037ba

PODFILE CHECKSUM: f86480fdf638a806e76e06b418dbc59ddf440a68

COCOAPODS: 1.11.2
